
Microsoft Visual Studio Solution File, Format Version 12.00
# Visual Studio 15
VisualStudioVersion = 15.0.28010.2046
MinimumVisualStudioVersion = 10.0.40219.1
Project("{FAE04EC0-301F-11D3-BF4B-00C04F79EFBC}") = "TSP", "TSP.csproj", "{9E229A08-F604-4E4E-80BE-E94714361F53}"
EndProject
Global
	GlobalSection(SolutionConfigurationPlatforms) = preSolution
		Debug|x86 = Debug|x86
		Release|x86 = Release|x86
	EndGlobalSection
	GlobalSection(ProjectConfigurationPlatforms) = postSolution
		{9E229A08-F604-4E4E-80BE-E94714361F53}.Debug|x86.ActiveCfg = Debug|x86
		{9E229A08-F604-4E4E-80BE-E94714361F53}.Debug|x86.Build.0 = Debug|x86
		{9E229A08-F604-4E4E-80BE-E94714361F53}.Release|x86.ActiveCfg = Release|x86
		{9E229A08-F604-4E4E-80BE-E94714361F53}.Release|x86.Build.0 = Release|x86
	EndGlobalSection
	GlobalSection(SolutionProperties) = preSolution
		HideSolutionNode = FALSE
	EndGlobalSection
	GlobalSection(ExtensibilityGlobals) = postSolution
		SolutionGuid = {543E73FD-F4E2-4375-9D3A-24BBBFAEC055}
	EndGlobalSection
EndGlobal
