
Microsoft Visual Studio Solution File, Format Version 12.00
# Visual Studio 15
VisualStudioVersion = 15.0.27703.2042
MinimumVisualStudioVersion = 10.0.40219.1
Project("{FAE04EC0-301F-11D3-BF4B-00C04F79EFBC}") = "TSP", "TSP\TSP.csproj", "{51F84ACD-CB73-44D1-820B-48CF53EFD40C}"
EndProject
Global
	GlobalSection(SolutionConfigurationPlatforms) = preSolution
		Debug|Any CPU = Debug|Any CPU
		Release|Any CPU = Release|Any CPU
	EndGlobalSection
	GlobalSection(ProjectConfigurationPlatforms) = postSolution
		{51F84ACD-CB73-44D1-820B-48CF53EFD40C}.Debug|Any CPU.ActiveCfg = Debug|Any CPU
		{51F84ACD-CB73-44D1-820B-48CF53EFD40C}.Debug|Any CPU.Build.0 = Debug|Any CPU
		{51F84ACD-CB73-44D1-820B-48CF53EFD40C}.Release|Any CPU.ActiveCfg = Release|Any CPU
		{51F84ACD-CB73-44D1-820B-48CF53EFD40C}.Release|Any CPU.Build.0 = Release|Any CPU
	EndGlobalSection
	GlobalSection(SolutionProperties) = preSolution
		HideSolutionNode = FALSE
	EndGlobalSection
	GlobalSection(ExtensibilityGlobals) = postSolution
		SolutionGuid = {5CA3E9F8-5419-4EB5-8D8F-017ADFDED82F}
	EndGlobalSection
EndGlobal
